
Microsoft Visual Studio Solution File, Format Version 12.00
# Visual Studio Version 17
VisualStudioVersion = 17.8.34330.188
MinimumVisualStudioVersion = 10.0.40219.1
Project("{FAE04EC0-301F-11D3-BF4B-00C04F79EFBC}") = "TreeGrdiWithEF", "TreeGrdiWithEF.csproj", "{CC51E3A7-B207-4626-9699-10E6DCC51F8F}"
EndProject
Global
	GlobalSection(SolutionConfigurationPlatforms) = preSolution
		Debug|Any CPU = Debug|Any CPU
		Release|Any CPU = Release|Any CPU
	EndGlobalSection
	GlobalSection(ProjectConfigurationPlatforms) = postSolution
		{CC51E3A7-B207-4626-9699-10E6DCC51F8F}.Debug|Any CPU.ActiveCfg = Debug|Any CPU
		{CC51E3A7-B207-4626-9699-10E6DCC51F8F}.Debug|Any CPU.Build.0 = Debug|Any CPU
		{CC51E3A7-B207-4626-9699-10E6DCC51F8F}.Release|Any CPU.ActiveCfg = Release|Any CPU
		{CC51E3A7-B207-4626-9699-10E6DCC51F8F}.Release|Any CPU.Build.0 = Release|Any CPU
	EndGlobalSection
	GlobalSection(SolutionProperties) = preSolution
		HideSolutionNode = FALSE
	EndGlobalSection
	GlobalSection(ExtensibilityGlobals) = postSolution
		SolutionGuid = {F529A3DF-B570-4D2B-A329-B111CFECCF7F}
	EndGlobalSection
EndGlobal
